
Microsoft Visual Studio Solution File, Format Version 12.00
# Visual Studio Version 17
VisualStudioVersion = 17.4.33103.184
MinimumVisualStudioVersion = 10.0.40219.1
Project("{2150E333-8FDC-42A3-9474-1A3956D46DE8}") = "src", "src", "{3CC02C83-0013-4BA9-8834-A28E34850744}"
EndProject
Project("{2150E333-8FDC-42A3-9474-1A3956D46DE8}") = "Services", "Services", "{839DD0D5-A4D1-4E74-99EE-B2D4779D4EC6}"
EndProject
Project("{2150E333-8FDC-42A3-9474-1A3956D46DE8}") = "Auth", "Auth", "{21442449-64F3-4FD1-92CB-978E6EA1AD32}"
EndProject
Project("{2150E333-8FDC-42A3-9474-1A3956D46DE8}") = "BuildingBlocks", "BuildingBlocks", "{F83CDF07-AA5B-4747-B9B8-3E6230FBAF19}"
EndProject
Project("{9A19103F-16F7-4668-BE54-9A1E7A4F7556}") = "Auth.Domain", "src\Services\Auth\Auth.Domain\Auth.Domain.csproj", "{F53772FB-868C-4D3E-89AB-D9CA2D97E5C5}"
EndProject
Project("{9A19103F-16F7-4668-BE54-9A1E7A4F7556}") = "Auth.Infrastructure", "src\Services\Auth\Auth.Infrastructure\Auth.Infrastructure.csproj", "{389F3175-C2FA-44C3-891F-0AA568335B02}"
EndProject
Project("{9A19103F-16F7-4668-BE54-9A1E7A4F7556}") = "Auth.Application", "src\Services\Auth\Auth.Application\Auth.Application.csproj", "{0CE7FE90-878C-476F-8C27-66C38E88CE53}"
EndProject
Project("{9A19103F-16F7-4668-BE54-9A1E7A4F7556}") = "BuildingBlocks.Core", "src\BuildingBlocks\BuildingBlocks.Core\BuildingBlocks.Core.csproj", "{A0E8146B-A29F-4ABE-A763-4FD1416582FD}"
EndProject
Project("{9A19103F-16F7-4668-BE54-9A1E7A4F7556}") = "BuildingBlocks.Security", "src\BuildingBlocks\BuildingBlocks.Security\BuildingBlocks.Security.csproj", "{45BFEDB6-925A-4AD8-BA51-B32B19A1A552}"
EndProject
Project("{FAE04EC0-301F-11D3-BF4B-00C04F79EFBC}") = "Auth.Api", "src\Services\Auth\Auth.Api\Auth.Api.csproj", "{9378CB16-F7AF-4315-90EF-5C0B19700399}"
EndProject
Global
	GlobalSection(SolutionConfigurationPlatforms) = preSolution
		Debug|Any CPU = Debug|Any CPU
		Release|Any CPU = Release|Any CPU
	EndGlobalSection
	GlobalSection(ProjectConfigurationPlatforms) = postSolution
		{F53772FB-868C-4D3E-89AB-D9CA2D97E5C5}.Debug|Any CPU.ActiveCfg = Debug|Any CPU
		{F53772FB-868C-4D3E-89AB-D9CA2D97E5C5}.Debug|Any CPU.Build.0 = Debug|Any CPU
		{F53772FB-868C-4D3E-89AB-D9CA2D97E5C5}.Release|Any CPU.ActiveCfg = Release|Any CPU
		{F53772FB-868C-4D3E-89AB-D9CA2D97E5C5}.Release|Any CPU.Build.0 = Release|Any CPU
		{389F3175-C2FA-44C3-891F-0AA568335B02}.Debug|Any CPU.ActiveCfg = Debug|Any CPU
		{389F3175-C2FA-44C3-891F-0AA568335B02}.Debug|Any CPU.Build.0 = Debug|Any CPU
		{389F3175-C2FA-44C3-891F-0AA568335B02}.Release|Any CPU.ActiveCfg = Release|Any CPU
		{389F3175-C2FA-44C3-891F-0AA568335B02}.Release|Any CPU.Build.0 = Release|Any CPU
		{0CE7FE90-878C-476F-8C27-66C38E88CE53}.Debug|Any CPU.ActiveCfg = Debug|Any CPU
		{0CE7FE90-878C-476F-8C27-66C38E88CE53}.Debug|Any CPU.Build.0 = Debug|Any CPU
		{0CE7FE90-878C-476F-8C27-66C38E88CE53}.Release|Any CPU.ActiveCfg = Release|Any CPU
		{0CE7FE90-878C-476F-8C27-66C38E88CE53}.Release|Any CPU.Build.0 = Release|Any CPU
		{A0E8146B-A29F-4ABE-A763-4FD1416582FD}.Debug|Any CPU.ActiveCfg = Debug|Any CPU
		{A0E8146B-A29F-4ABE-A763-4FD1416582FD}.Debug|Any CPU.Build.0 = Debug|Any CPU
		{A0E8146B-A29F-4ABE-A763-4FD1416582FD}.Release|Any CPU.ActiveCfg = Release|Any CPU
		{A0E8146B-A29F-4ABE-A763-4FD1416582FD}.Release|Any CPU.Build.0 = Release|Any CPU
		{45BFEDB6-925A-4AD8-BA51-B32B19A1A552}.Debug|Any CPU.ActiveCfg = Debug|Any CPU
		{45BFEDB6-925A-4AD8-BA51-B32B19A1A552}.Debug|Any CPU.Build.0 = Debug|Any CPU
		{45BFEDB6-925A-4AD8-BA51-B32B19A1A552}.Release|Any CPU.ActiveCfg = Release|Any CPU
		{45BFEDB6-925A-4AD8-BA51-B32B19A1A552}.Release|Any CPU.Build.0 = Release|Any CPU
		{9378CB16-F7AF-4315-90EF-5C0B19700399}.Debug|Any CPU.ActiveCfg = Debug|Any CPU
		{9378CB16-F7AF-4315-90EF-5C0B19700399}.Debug|Any CPU.Build.0 = Debug|Any CPU
		{9378CB16-F7AF-4315-90EF-5C0B19700399}.Release|Any CPU.ActiveCfg = Release|Any CPU
		{9378CB16-F7AF-4315-90EF-5C0B19700399}.Release|Any CPU.Build.0 = Release|Any CPU
	EndGlobalSection
	GlobalSection(SolutionProperties) = preSolution
		HideSolutionNode = FALSE
	EndGlobalSection
	GlobalSection(NestedProjects) = preSolution
		{839DD0D5-A4D1-4E74-99EE-B2D4779D4EC6} = {3CC02C83-0013-4BA9-8834-A28E34850744}
		{21442449-64F3-4FD1-92CB-978E6EA1AD32} = {839DD0D5-A4D1-4E74-99EE-B2D4779D4EC6}
		{F83CDF07-AA5B-4747-B9B8-3E6230FBAF19} = {3CC02C83-0013-4BA9-8834-A28E34850744}
		{F53772FB-868C-4D3E-89AB-D9CA2D97E5C5} = {21442449-64F3-4FD1-92CB-978E6EA1AD32}
		{389F3175-C2FA-44C3-891F-0AA568335B02} = {21442449-64F3-4FD1-92CB-978E6EA1AD32}
		{0CE7FE90-878C-476F-8C27-66C38E88CE53} = {21442449-64F3-4FD1-92CB-978E6EA1AD32}
		{A0E8146B-A29F-4ABE-A763-4FD1416582FD} = {F83CDF07-AA5B-4747-B9B8-3E6230FBAF19}
		{45BFEDB6-925A-4AD8-BA51-B32B19A1A552} = {F83CDF07-AA5B-4747-B9B8-3E6230FBAF19}
		{9378CB16-F7AF-4315-90EF-5C0B19700399} = {21442449-64F3-4FD1-92CB-978E6EA1AD32}
	EndGlobalSection
	GlobalSection(ExtensibilityGlobals) = postSolution
		SolutionGuid = {67AA315F-F3DA-4ECD-8690-4A6240990E58}
	EndGlobalSection
EndGlobal
